
Microsoft Visual Studio Solution File, Format Version 12.00
# Visual Studio Version 17
VisualStudioVersion = 17.9.34607.119
MinimumVisualStudioVersion = 10.0.40219.1
Project("{FAE04EC0-301F-11D3-BF4B-00C04F79EFBC}") = "ExcelFileHandlingAPI", "ExcelFileHandlingAPI\ExcelFileHandlingAPI.csproj", "{3D967ABC-762D-44F1-982A-99367F062F79}"
EndProject
Project("{FAE04EC0-301F-11D3-BF4B-00C04F79EFBC}") = "ExcelFileHandling.Core", "ExcelFileHandling.Core\ExcelFileHandling.Core.csproj", "{7D84EEA2-CFC6-4402-BC4A-A2B65999407F}"
EndProject
Project("{FAE04EC0-301F-11D3-BF4B-00C04F79EFBC}") = "ExcelFileHandling.Infrastructure", "ExcelFileHandling.Infrastructure\ExcelFileHandling.Infrastructure.csproj", "{FFC5A848-F792-444F-8DDB-2A119B9DD0C6}"
EndProject
Global
	GlobalSection(SolutionConfigurationPlatforms) = preSolution
		Debug|Any CPU = Debug|Any CPU
		Release|Any CPU = Release|Any CPU
	EndGlobalSection
	GlobalSection(ProjectConfigurationPlatforms) = postSolution
		{3D967ABC-762D-44F1-982A-99367F062F79}.Debug|Any CPU.ActiveCfg = Debug|Any CPU
		{3D967ABC-762D-44F1-982A-99367F062F79}.Debug|Any CPU.Build.0 = Debug|Any CPU
		{3D967ABC-762D-44F1-982A-99367F062F79}.Release|Any CPU.ActiveCfg = Release|Any CPU
		{3D967ABC-762D-44F1-982A-99367F062F79}.Release|Any CPU.Build.0 = Release|Any CPU
		{7D84EEA2-CFC6-4402-BC4A-A2B65999407F}.Debug|Any CPU.ActiveCfg = Debug|Any CPU
		{7D84EEA2-CFC6-4402-BC4A-A2B65999407F}.Debug|Any CPU.Build.0 = Debug|Any CPU
		{7D84EEA2-CFC6-4402-BC4A-A2B65999407F}.Release|Any CPU.ActiveCfg = Release|Any CPU
		{7D84EEA2-CFC6-4402-BC4A-A2B65999407F}.Release|Any CPU.Build.0 = Release|Any CPU
		{FFC5A848-F792-444F-8DDB-2A119B9DD0C6}.Debug|Any CPU.ActiveCfg = Debug|Any CPU
		{FFC5A848-F792-444F-8DDB-2A119B9DD0C6}.Debug|Any CPU.Build.0 = Debug|Any CPU
		{FFC5A848-F792-444F-8DDB-2A119B9DD0C6}.Release|Any CPU.ActiveCfg = Release|Any CPU
		{FFC5A848-F792-444F-8DDB-2A119B9DD0C6}.Release|Any CPU.Build.0 = Release|Any CPU
	EndGlobalSection
	GlobalSection(SolutionProperties) = preSolution
		HideSolutionNode = FALSE
	EndGlobalSection
	GlobalSection(ExtensibilityGlobals) = postSolution
		SolutionGuid = {13C4DAB6-DD2E-45F1-9C9B-91C6F991613B}
	EndGlobalSection
EndGlobal
